Microsoft Visual Studio Solution File, Format Version 12.00
# Visual Studio Version 18
VisualStudioVersion = 18.4.11626.88 stable
MinimumVisualStudioVersion = 10.0.40219.1
Project("{FAE04EC0-301F-11D3-BF4B-00C04F79EFBC}") = "ProjectsPage", "ProjectsPage.csproj", "{C56793EF-1B49-9A2D-2F01-EE6EA0BE1D88}"
EndProject
Project("{FAE04EC0-301F-11D3-BF4B-00C04F79EFBC}") = "UnitTests", "..\Projects-Unit-Tests\UnitTests\UnitTests.csproj", "{E47E7EA1-21FB-77DC-4FE0-5002EA7A456F}"
EndProject
Global
	GlobalSection(SolutionConfigurationPlatforms) = preSolution
		Debug|Any CPU = Debug|Any CPU
		Release|Any CPU = Release|Any CPU
	EndGlobalSection
	GlobalSection(ProjectConfigurationPlatforms) = postSolution
		{C56793EF-1B49-9A2D-2F01-EE6EA0BE1D88}.Debug|Any CPU.ActiveCfg = Debug|Any CPU
		{C56793EF-1B49-9A2D-2F01-EE6EA0BE1D88}.Debug|Any CPU.Build.0 = Debug|Any CPU
		{C56793EF-1B49-9A2D-2F01-EE6EA0BE1D88}.Release|Any CPU.ActiveCfg = Release|Any CPU
		{C56793EF-1B49-9A2D-2F01-EE6EA0BE1D88}.Release|Any CPU.Build.0 = Release|Any CPU
		{E47E7EA1-21FB-77DC-4FE0-5002EA7A456F}.Debug|Any CPU.ActiveCfg = Debug|Any CPU
		{E47E7EA1-21FB-77DC-4FE0-5002EA7A456F}.Debug|Any CPU.Build.0 = Debug|Any CPU
		{E47E7EA1-21FB-77DC-4FE0-5002EA7A456F}.Release|Any CPU.ActiveCfg = Release|Any CPU
		{E47E7EA1-21FB-77DC-4FE0-5002EA7A456F}.Release|Any CPU.Build.0 = Release|Any CPU
	EndGlobalSection
	GlobalSection(SolutionProperties) = preSolution
		HideSolutionNode = FALSE
	EndGlobalSection
	GlobalSection(ExtensibilityGlobals) = postSolution
		SolutionGuid = {D0403E0F-A3FF-4290-B126-A10D73E8E3AF}
	EndGlobalSection
EndGlobal
